# @generated - this file is auto-generated by `mise lock` https://mise.jdx.dev/dev-tools/mise-lock.html

lockfile_version = 3

[[tools.jactionlint]]
version = "1.8.2"
backend = "github:jdx/jactionlint"
specifiers = ["1.8.2"]

[tools.jactionlint."platforms.macos-arm64"]
checksum = "sha256:de9eb05af3cde409dc0b37fe2fd6a21b875a575374e7b26c02d45a7086645c28"
url = "https://github.com/jdx/jactionlint/releases/download/v1.8.2/jactionlint_1.8.2_darwin_arm64.tar.gz"
url_api = "https://api.github.com/repos/jdx/jactionlint/releases/assets/611338605"
provenance = "github-attestations"

[tools.jactionlint."platforms.macos-x64"]
checksum = "sha256:42790b2565759b7f4a81696fb9034b2060f97f551d2ced54cf722c9de9abe6b2"
url = "https://github.com/jdx/jactionlint/releases/download/v1.8.2/jactionlint_1.8.2_darwin_amd64.tar.gz"
url_api = "https://api.github.com/repos/jdx/jactionlint/releases/assets/611338604"
provenance = "github-attestations"

[[tools.shellcheck]]
version = "0.11.0"
backend = "aqua:koalaman/shellcheck"
specifiers = ["0.11.0"]

[tools.shellcheck."platforms.macos-arm64"]
checksum = "sha256:56affdd8de5527894dca6dc3d7e0a99a873b0f004d7aabc30ae407d3f48b0a79"
url = "https://github.com/koalaman/shellcheck/releases/download/v0.11.0/shellcheck-v0.11.0.darwin.aarch64.tar.xz"
url_api = "https://api.github.com/repos/koalaman/shellcheck/releases/assets/279056932"

[tools.shellcheck."platforms.macos-x64"]
checksum = "sha256:3c89db4edcab7cf1c27bff178882e0f6f27f7afdf54e859fa041fca10febe4c6"
url = "https://github.com/koalaman/shellcheck/releases/download/v0.11.0/shellcheck-v0.11.0.darwin.x86_64.tar.xz"
url_api = "https://api.github.com/repos/koalaman/shellcheck/releases/assets/279056930"

[[tools.swift]]
version = "6.4.0"
backend = "core:swift"
specifiers = ["6.4.0"]

[tools.swift."platforms.macos-arm64"]
url = "https://download.swift.org/swift-6.4.0-release/xcode/swift-6.4.0-RELEASE/swift-6.4.0-RELEASE-osx.pkg"

[tools.swift."platforms.macos-x64"]
url = "https://download.swift.org/swift-6.4.0-release/xcode/swift-6.4.0-RELEASE/swift-6.4.0-RELEASE-osx.pkg"
